
Microsoft Visual Studio Solution File, Format Version 12.00
# Visual Studio Version 17
VisualStudioVersion = 17.9.34728.123
MinimumVisualStudioVersion = 10.0.40219.1
Project("{FAE04EC0-301F-11D3-BF4B-00C04F79EFBC}") = "Øvelse 5.2", "Øvelse 5.2\Øvelse 5.2.csproj", "{37F35BF9-08AF-4D98-8AE5-F482F2211FD1}"
EndProject
Global
	GlobalSection(SolutionConfigurationPlatforms) = preSolution
		Debug|Any CPU = Debug|Any CPU
		Release|Any CPU = Release|Any CPU
	EndGlobalSection
	GlobalSection(ProjectConfigurationPlatforms) = postSolution
		{37F35BF9-08AF-4D98-8AE5-F482F2211FD1}.Debug|Any CPU.ActiveCfg = Debug|Any CPU
		{37F35BF9-08AF-4D98-8AE5-F482F2211FD1}.Debug|Any CPU.Build.0 = Debug|Any CPU
		{37F35BF9-08AF-4D98-8AE5-F482F2211FD1}.Release|Any CPU.ActiveCfg = Release|Any CPU
		{37F35BF9-08AF-4D98-8AE5-F482F2211FD1}.Release|Any CPU.Build.0 = Release|Any CPU
	EndGlobalSection
	GlobalSection(SolutionProperties) = preSolution
		HideSolutionNode = FALSE
	EndGlobalSection
	GlobalSection(ExtensibilityGlobals) = postSolution
		SolutionGuid = {C14B1134-8456-407F-9ABF-4B16DD63CD19}
	EndGlobalSection
EndGlobal
